// !$*UTF8*$!
{
	archiveVersion = 1;
	classes = {
	};
	objectVersion = 46;
	objects = {

/* Begin PBXBuildFile section */
		85F779AB1CE473AB0047BBAC /* main.m in Sources */ = {isa = PBXBuildFile; fileRef = 85F779AA1CE473AB0047BBAC /* main.m */; };
		85F779AE1CE473AB0047BBAC /* AppDelegate.m in Sources */ = {isa = PBXBuildFile; fileRef = 85F779AD1CE473AB0047BBAC /* AppDelegate.m */; };
		85F779B11CE473AB0047BBAC /* ViewController.m in Sources */ = {isa = PBXBuildFile; fileRef = 85F779B01CE473AB0047BBAC /* ViewController.m */; };
		85F779B41CE473AB0047BBAC /* Main.storyboard in Resources */ = {isa = PBXBuildFile; fileRef = 85F779B21CE473AB0047BBAC /* Main.storyboard */; };
		85F779B61CE473AB0047BBAC /* Assets.xcassets in Resources */ = {isa = PBXBuildFile; fileRef = 85F779B51CE473AB0047BBAC /* Assets.xcassets */; };
		85F779B91CE473AB0047BBAC /* LaunchScreen.storyboard in Resources */ = {isa = PBXBuildFile; fileRef = 85F779B71CE473AB0047BBAC /* LaunchScreen.storyboard */; };
		85F779C41CE473AC0047BBAC /* MyGitUITests.m in Sources */ = {isa = PBXBuildFile; fileRef = 85F779C31CE473AC0047BBAC /* MyGitUITests.m */; };
/* End PBXBuildFile section */

/* Begin PBXContainerItemProxy section */
		85F779C01CE473AB0047BBAC /* PBXContainerItemProxy */ = {
			isa = PBXContainerItemProxy;
			containerPortal = 85F7799E1CE473AB0047BBAC /* Project object */;
			proxyType = 1;
			remoteGlobalIDString = 85F779A51CE473AB0047BBAC;
			remoteInfo = MyGit;
		};
/* End PBXContainerItemProxy section */

/* Begin PBXFileReference section */
		85F779A61CE473AB0047BBAC /* MyGit.app */ = {isa = PBXFileReference; explicitFileType = wrapper.application; includeInIndex = 0; path = MyGit.app; sourceTree = BUILT_PRODUCTS_DIR; };
		85F779AA1CE473AB0047BBAC /* main.m */ = {isa = PBXFileReference; lastKnownFileType = sourcecode.c.objc; path = main.m; sourceTree = "<group>"; };
		85F779AC1CE473AB0047BBAC /* AppDelegate.h */ = {isa = PBXFileReference; lastKnownFileType = sourcecode.c.h; path = AppDelegate.h; sourceTree = "<group>"; };
		85F779AD1CE473AB0047BBAC /* AppDelegate.m */ = {isa = PBXFileReference; lastKnownFileType = sourcecode.c.objc; path = AppDelegate.m; sourceTree = "<group>"; };
		85F779AF1CE473AB0047BBAC /* ViewController.h */ = {isa = PBXFileReference; lastKnownFileType = sourcecode.c.h; path = ViewController.h; sourceTree = "<group>"; };
		85F779B01CE473AB0047BBAC /* ViewController.m */ = {isa = PBXFileReference; lastKnownFileType = sourcecode.c.objc; path = ViewController.m; sourceTree = "<group>"; };
		85F779B31CE473AB0047BBAC /* Base */ = {isa = PBXFileReference; lastKnownFileType = file.storyboard; name = Base; path = Base.lproj/Main.storyboard; sourceTree = "<group>"; };
		85F779B51CE473AB0047BBAC /* Assets.xcassets */ = {isa = PBXFileReference; lastKnownFileType = folder.assetcatalog; path = Assets.xcassets; sourceTree = "<group>"; };
		85F779B81CE473AB0047BBAC /* Base */ = {isa = PBXFileReference; lastKnownFileType = file.storyboard; name = Base; path = Base.lproj/LaunchScreen.storyboard; sourceTree = "<group>"; };
		85F779BA1CE473AB0047BBAC /* Info.plist */ = {isa = PBXFileReference; lastKnownFileType = text.plist.xml; path = Info.plist; sourceTree = "<group>"; };
		85F779BF1CE473AB0047BBAC /* MyGitUITests.xctest */ = {isa = PBXFileReference; explicitFileType = wrapper.cfbundle; includeInIndex = 0; path = MyGitUITests.xctest; sourceTree = BUILT_PRODUCTS_DIR; };
		85F779C31CE473AC0047BBAC /* MyGitUITests.m */ = {isa = PBXFileReference; lastKnownFileType = sourcecode.c.objc; path = MyGitUITests.m; sourceTree = "<group>"; };
		85F779C51CE473AC0047BBAC /* Info.plist */ = {isa = PBXFileReference; lastKnownFileType = text.plist.xml; path = Info.plist; sourceTree = "<group>"; };
/* End PBXFileReference section */

/* Begin PBXFrameworksBuildPhase section */
		85F779A31CE473AB0047BBAC /* Frameworks */ = {
			isa = PBXFrameworksBuildPhase;
			buildActionMask = 2147483647;
			files = (
			);
			runOnlyForDeploymentPostprocessing = 0;
		};
		85F779BC1CE473AB0047BBAC /* Frameworks */ = {
			isa = PBXFrameworksBuildPhase;
			buildActionMask = 2147483647;
			files = (
			);
			runOnlyForDeploymentPostprocessing = 0;
		};
/* End PBXFrameworksBuildPhase section */

/* Begin PBXGroup section */
		85F7799D1CE473AB0047BBAC = {
			isa = PBXGroup;
			children = (
				85F779A81CE473AB0047BBAC /* MyGit */,
				85F779C21CE473AC0047BBAC /* MyGitUITests */,
				85F779A71CE473AB0047BBAC /* Products */,
			);
			sourceTree = "<group>";
		};
		85F779A71CE473AB0047BBAC /* Products */ = {
			isa = PBXGroup;
			children = (
				85F779A61CE473AB0047BBAC /* MyGit.app */,
				85F779BF1CE473AB0047BBAC /* MyGitUITests.xctest */,
			);
			name = Products;
			sourceTree = "<group>";
		};
		85F779A81CE473AB0047BBAC /* MyGit */ = {
			isa = PBXGroup;
			children = (
				85F779AC1CE473AB0047BBAC /* AppDelegate.h */,
				85F779AD1CE473AB0047BBAC /* AppDelegate.m */,
				85F779AF1CE473AB0047BBAC /* ViewController.h */,
				85F779B01CE473AB0047BBAC /* ViewController.m */,
				85F779B21CE473AB0047BBAC /* Main.storyboard */,
				85F779B51CE473AB0047BBAC /* Assets.xcassets */,
				85F779B71CE473AB0047BBAC /* LaunchScreen.storyboard */,
				85F779BA1CE473AB0047BBAC /* Info.plist */,
				85F779A91CE473AB0047BBAC /* Supporting Files */,
			);
			path = MyGit;
			sourceTree = "<group>";
		};
		85F779A91CE473AB0047BBAC /* Supporting Files */ = {
			isa = PBXGroup;
			children = (
				85F779AA1CE473AB0047BBAC /* main.m */,
			);
			name = "Supporting Files";
			sourceTree = "<group>";
		};
		85F779C21CE473AC0047BBAC /* MyGitUITests */ = {
			isa = PBXGroup;
			children = (
				85F779C31CE473AC0047BBAC /* MyGitUITests.m */,
				85F779C51CE473AC0047BBAC /* Info.plist */,
			);
			path = MyGitUITests;
			sourceTree = "<group>";
		};
/* End PBXGroup section */

/* Begin PBXNativeTarget section */
		85F779A51CE473AB0047BBAC /* MyGit */ = {
			isa = PBXNativeTarget;
			buildConfigurationList = 85F779C81CE473AC0047BBAC /* Build configuration list for PBXNativeTarget "MyGit" */;
			buildPhases = (
				85F779A21CE473AB0047BBAC /* Sources */,
				85F779A31CE473AB0047BBAC /* Frameworks */,
				85F779A41CE473AB0047BBAC /* Resources */,
			);
			buildRules = (
			);
			dependencies = (
			);
			name = MyGit;
			productName = MyGit;
			productReference = 85F779A61CE473AB0047BBAC /* MyGit.app */;
			productType = "com.apple.product-type.application";
		};
		85F779BE1CE473AB0047BBAC /* MyGitUITests */ = {
			isa = PBXNativeTarget;
			buildConfigurationList = 85F779CB1CE473AC0047BBAC /* Build configuration list for PBXNativeTarget "MyGitUITests" */;
			buildPhases = (
				85F779BB1CE473AB0047BBAC /* Sources */,
				85F779BC1CE473AB0047BBAC /* Frameworks */,
				85F779BD1CE473AB0047BBAC /* Resources */,
			);
			buildRules = (
			);
			dependencies = (
				85F779C11CE473AB0047BBAC /* PBXTargetDependency */,
			);
			name = MyGitUITests;
			productName = MyGitUITests;
			productReference = 85F779BF1CE473AB0047BBAC /* MyGitUITests.xctest */;
			productType = "com.apple.product-type.bundle.ui-testing";
		};
/* End PBXNativeTarget section */

/* Begin PBXProject section */
		85F7799E1CE473AB0047BBAC /* Project object */ = {
			isa = PBXProject;
			attributes = {
				LastUpgradeCheck = 0720;
				ORGANIZATIONNAME = Howie;
				TargetAttributes = {
					85F779A51CE473AB0047BBAC = {
						CreatedOnToolsVersion = 7.2.1;
					};
					85F779BE1CE473AB0047BBAC = {
						CreatedOnToolsVersion = 7.2.1;
						TestTargetID = 85F779A51CE473AB0047BBAC;
					};
				};
			};
			buildConfigurationList = 85F779A11CE473AB0047BBAC /* Build configuration list for PBXProject "MyGit" */;
			compatibilityVersion = "Xcode 3.2";
			developmentRegion = English;
			hasScannedForEncodings = 0;
			knownRegions = (
				en,
				Base,
			);
			mainGroup = 85F7799D1CE473AB0047BBAC;
			productRefGroup = 85F779A71CE473AB0047BBAC /* Products */;
			projectDirPath = "";
			projectRoot = "";
			targets = (
				85F779A51CE473AB0047BBAC /* MyGit */,
				85F779BE1CE473AB0047BBAC /* MyGitUITests */,
			);
		};
/* End PBXProject section */

/* Begin PBXResourcesBuildPhase section */
		85F779A41CE473AB0047BBAC /* Resources */ = {
			isa = PBXResourcesBuildPhase;
			buildActionMask = 2147483647;
			files = (
				85F779B91CE473AB0047BBAC /* LaunchScreen.storyboard in Resources */,
				85F779B61CE473AB0047BBAC /* Assets.xcassets in Resources */,
				85F779B41CE473AB0047BBAC /* Main.storyboard in Resources */,
			);
			runOnlyForDeploymentPostprocessing = 0;
		};
		85F779BD1CE473AB0047BBAC /* Resources */ = {
			isa = PBXResourcesBuildPhase;
			buildActionMask = 2147483647;
			files = (
			);
			runOnlyForDeploymentPostprocessing = 0;
		};
/* End PBXResourcesBuildPhase section */

/* Begin PBXSourcesBuildPhase section */
		85F779A21CE473AB0047BBAC /* Sources */ = {
			isa = PBXSourcesBuildPhase;
			buildActionMask = 2147483647;
			files = (
				85F779B11CE473AB0047BBAC /* ViewController.m in Sources */,
				85F779AE1CE473AB0047BBAC /* AppDelegate.m in Sources */,
				85F779AB1CE473AB0047BBAC /* main.m in Sources */,
			);
			runOnlyForDeploymentPostprocessing = 0;
		};
		85F779BB1CE473AB0047BBAC /* Sources */ = {
			isa = PBXSourcesBuildPhase;
			buildActionMask = 2147483647;
			files = (
				85F779C41CE473AC0047BBAC /* MyGitUITests.m in Sources */,
			);
			runOnlyForDeploymentPostprocessing = 0;
		};
/* End PBXSourcesBuildPhase section */

/* Begin PBXTargetDependency section */
		85F779C11CE473AB0047BBAC /* PBXTargetDependency */ = {
			isa = PBXTargetDependency;
			target = 85F779A51CE473AB0047BBAC /* MyGit */;
			targetProxy = 85F779C01CE473AB0047BBAC /* PBXContainerItemProxy */;
		};
/* End PBXTargetDependency section */

/* Begin PBXVariantGroup section */
		85F779B21CE473AB0047BBAC /* Main.storyboard */ = {
			isa = PBXVariantGroup;
			children = (
				85F779B31CE473AB0047BBAC /* Base */,
			);
			name = Main.storyboard;
			sourceTree = "<group>";
		};
		85F779B71CE473AB0047BBAC /* LaunchScreen.storyboard */ = {
			isa = PBXVariantGroup;
			children = (
				85F779B81CE473AB0047BBAC /* Base */,
			);
			name = LaunchScreen.storyboard;
			sourceTree = "<group>";
		};
/* End PBXVariantGroup section */

/* Begin XCBuildConfiguration section */
		85F779C61CE473AC0047BBAC /* Debug */ = {
			isa = XCBuildConfiguration;
			buildSettings = {
				ALWAYS_SEARCH_USER_PATHS = NO;
				CLANG_CXX_LANGUAGE_STANDARD = "gnu++0x";
				CLANG_CXX_LIBRARY = "libc++";
				CLANG_ENABLE_MODULES = YES;
				CLANG_ENABLE_OBJC_ARC = YES;
				CLANG_WARN_BOOL_CONVERSION = YES;
				CLANG_WARN_CONSTANT_CONVERSION = YES;
				CLANG_WARN_DIRECT_OBJC_ISA_USAGE = YES_ERROR;
				CLANG_WARN_EMPTY_BODY = YES;
				CLANG_WARN_ENUM_CONVERSION = YES;
				CLANG_WARN_INT_CONVERSION = YES;
				CLANG_WARN_OBJC_ROOT_CLASS = YES_ERROR;
				CLANG_WARN_UNREACHABLE_CODE = YES;
				CLANG_WARN__DUPLICATE_METHOD_MATCH = YES;
				"CODE_SIGN_IDENTITY[sdk=iphoneos*]" = "iPhone Developer";
				COPY_PHASE_STRIP = NO;
				DEBUG_INFORMATION_FORMAT = dwarf;
				ENABLE_STRICT_OBJC_MSGSEND = YES;
				ENABLE_TESTABILITY = YES;
				GCC_C_LANGUAGE_STANDARD = gnu99;
				GCC_DYNAMIC_NO_PIC = NO;
				GCC_NO_COMMON_BLOCKS = YES;
				GCC_OPTIMIZATION_LEVEL = 0;
				GCC_PREPROCESSOR_DEFINITIONS = (
					"DEBUG=1",
					"$(inherited)",
				);
				GCC_WARN_64_TO_32_BIT_CONVERSION = YES;
				GCC_WARN_ABOUT_RETURN_TYPE = YES_ERROR;
				GCC_WARN_UNDECLARED_SELECTOR = YES;
				GCC_WARN_UNINITIALIZED_AUTOS = YES_AGGRESSIVE;
				GCC_WARN_UNUSED_FUNCTION = YES;
				GCC_WARN_UNUSED_VARIABLE = YES;
				IPHONEOS_DEPLOYMENT_TARGET = 9.2;
				MTL_ENABLE_DEBUG_INFO = YES;
				ONLY_ACTIVE_ARCH = YES;
				SDKROOT = iphoneos;
			};
			name = Debug;
		};
		85F779C71CE473AC0047BBAC /* Release */ = {
			isa = XCBuildConfiguration;
			buildSettings = {
				ALWAYS_SEARCH_USER_PATHS = NO;
				CLANG_CXX_LANGUAGE_STANDARD = "gnu++0x";
				CLANG_CXX_LIBRARY = "libc++";
				CLANG_ENABLE_MODULES = YES;
				CLANG_ENABLE_OBJC_ARC = YES;
				CLANG_WARN_BOOL_CONVERSION = YES;
				CLANG_WARN_CONSTANT_CONVERSION = YES;
				CLANG_WARN_DIRECT_OBJC_ISA_USAGE = YES_ERROR;
				CLANG_WARN_EMPTY_BODY = YES;
				CLANG_WARN_ENUM_CONVERSION = YES;
				CLANG_WARN_INT_CONVERSION = YES;
				CLANG_WARN_OBJC_ROOT_CLASS = YES_ERROR;
				CLANG_WARN_UNREACHABLE_CODE = YES;
				CLANG_WARN__DUPLICATE_METHOD_MATCH = YES;
				"CODE_SIGN_IDENTITY[sdk=iphoneos*]" = "iPhone Developer";
				COPY_PHASE_STRIP = NO;
				DEBUG_INFORMATION_FORMAT = "dwarf-with-dsym";
				ENABLE_NS_ASSERTIONS = NO;
				ENABLE_STRICT_OBJC_MSGSEND = YES;
				GCC_C_LANGUAGE_STANDARD = gnu99;
				GCC_NO_COMMON_BLOCKS = YES;
				GCC_WARN_64_TO_32_BIT_CONVERSION = YES;
				GCC_WARN_ABOUT_RETURN_TYPE = YES_ERROR;
				GCC_WARN_UNDECLARED_SELECTOR = YES;
				GCC_WARN_UNINITIALIZED_AUTOS = YES_AGGRESSIVE;
				GCC_WARN_UNUSED_FUNCTION = YES;
				GCC_WARN_UNUSED_VARIABLE = YES;
				IPHONEOS_DEPLOYMENT_TARGET = 9.2;
				MTL_ENABLE_DEBUG_INFO = NO;
				SDKROOT = iphoneos;
				VALIDATE_PRODUCT = YES;
			};
			name = Release;
		};
		85F779C91CE473AC0047BBAC /* Debug */ = {
			isa = XCBuildConfiguration;
			buildSettings = {
				ASSETCATALOG_COMPILER_APPICON_NAME = AppIcon;
				INFOPLIST_FILE = MyGit/Info.plist;
				LD_RUNPATH_SEARCH_PATHS = "$(inherited) @executable_path/Frameworks";
				PRODUCT_BUNDLE_IDENTIFIER = Howie.MyGit;
				PRODUCT_NAME = "$(TARGET_NAME)";
			};
			name = Debug;
		};
		85F779CA1CE473AC0047BBAC /* Release */ = {
			isa = XCBuildConfiguration;
			buildSettings = {
				ASSETCATALOG_COMPILER_APPICON_NAME = AppIcon;
				INFOPLIST_FILE = MyGit/Info.plist;
				LD_RUNPATH_SEARCH_PATHS = "$(inherited) @executable_path/Frameworks";
				PRODUCT_BUNDLE_IDENTIFIER = Howie.MyGit;
				PRODUCT_NAME = "$(TARGET_NAME)";
			};
			name = Release;
		};
		85F779CC1CE473AC0047BBAC /* Debug */ = {
			isa = XCBuildConfiguration;
			buildSettings = {
				INFOPLIST_FILE = MyGitUITests/Info.plist;
				LD_RUNPATH_SEARCH_PATHS = "$(inherited) @executable_path/Frameworks @loader_path/Frameworks";
				PRODUCT_BUNDLE_IDENTIFIER = Howie.MyGitUITests;
				PRODUCT_NAME = "$(TARGET_NAME)";
				TEST_TARGET_NAME = MyGit;
				USES_XCTRUNNER = YES;
			};
			name = Debug;
		};
		85F779CD1CE473AC0047BBAC /* Release */ = {
			isa = XCBuildConfiguration;
			buildSettings = {
				INFOPLIST_FILE = MyGitUITests/Info.plist;
				LD_RUNPATH_SEARCH_PATHS = "$(inherited) @executable_path/Frameworks @loader_path/Frameworks";
				PRODUCT_BUNDLE_IDENTIFIER = Howie.MyGitUITests;
				PRODUCT_NAME = "$(TARGET_NAME)";
				TEST_TARGET_NAME = MyGit;
				USES_XCTRUNNER = YES;
			};
			name = Release;
		};
/* End XCBuildConfiguration section */

/* Begin XCConfigurationList section */
		85F779A11CE473AB0047BBAC /* Build configuration list for PBXProject "MyGit" */ = {
			isa = XCConfigurationList;
			buildConfigurations = (
				85F779C61CE473AC0047BBAC /* Debug */,
				85F779C71CE473AC0047BBAC /* Release */,
			);
			defaultConfigurationIsVisible = 0;
			defaultConfigurationName = Release;
		};
		85F779C81CE473AC0047BBAC /* Build configuration list for PBXNativeTarget "MyGit" */ = {
			isa = XCConfigurationList;
			buildConfigurations = (
				85F779C91CE473AC0047BBAC /* Debug */,
				85F779CA1CE473AC0047BBAC /* Release */,
			);
			defaultConfigurationIsVisible = 0;
		};
		85F779CB1CE473AC0047BBAC /* Build configuration list for PBXNativeTarget "MyGitUITests" */ = {
			isa = XCConfigurationList;
			buildConfigurations = (
				85F779CC1CE473AC0047BBAC /* Debug */,
				85F779CD1CE473AC0047BBAC /* Release */,
			);
			defaultConfigurationIsVisible = 0;
		};
/* End XCConfigurationList section */
	};
	rootObject = 85F7799E1CE473AB0047BBAC /* Project object */;
}
